
Microsoft Visual Studio Solution File, Format Version 12.00
# Visual Studio Version 17
VisualStudioVersion = 17.13.35913.81 d17.13
MinimumVisualStudioVersion = 10.0.40219.1
Project("{FAE04EC0-301F-11D3-BF4B-00C04F79EFBC}") = "pr6", "pr6\pr6.csproj", "{E2DFF2D4-847B-4A2C-AFA8-50D0D8484E95}"
EndProject
Global
	GlobalSection(SolutionConfigurationPlatforms) = preSolution
		Debug|Any CPU = Debug|Any CPU
		Release|Any CPU = Release|Any CPU
	EndGlobalSection
	GlobalSection(ProjectConfigurationPlatforms) = postSolution
		{E2DFF2D4-847B-4A2C-AFA8-50D0D8484E95}.Debug|Any CPU.ActiveCfg = Debug|Any CPU
		{E2DFF2D4-847B-4A2C-AFA8-50D0D8484E95}.Debug|Any CPU.Build.0 = Debug|Any CPU
		{E2DFF2D4-847B-4A2C-AFA8-50D0D8484E95}.Release|Any CPU.ActiveCfg = Release|Any CPU
		{E2DFF2D4-847B-4A2C-AFA8-50D0D8484E95}.Release|Any CPU.Build.0 = Release|Any CPU
	EndGlobalSection
	GlobalSection(SolutionProperties) = preSolution
		HideSolutionNode = FALSE
	EndGlobalSection
	GlobalSection(ExtensibilityGlobals) = postSolution
		SolutionGuid = {7AC24428-A846-4F18-B4E3-A91D3E7C9984}
	EndGlobalSection
EndGlobal
